
Microsoft Visual Studio Solution File, Format Version 12.00
# Visual Studio Version 16
VisualStudioVersion = 16.0.31019.35
MinimumVisualStudioVersion = 10.0.40219.1
Project("{FAE04EC0-301F-11D3-BF4B-00C04F79EFBC}") = "StaffPermissionSystem", "StaffPermissionSystem\StaffPermissionSystem.csproj", "{864F31B2-7348-4605-9CB9-61F9FEDB7DD2}"
EndProject
Global
	GlobalSection(SolutionConfigurationPlatforms) = preSolution
		Debug|Any CPU = Debug|Any CPU
		Release|Any CPU = Release|Any CPU
	EndGlobalSection
	GlobalSection(ProjectConfigurationPlatforms) = postSolution
		{864F31B2-7348-4605-9CB9-61F9FEDB7DD2}.Debug|Any CPU.ActiveCfg = Debug|Any CPU
		{864F31B2-7348-4605-9CB9-61F9FEDB7DD2}.Debug|Any CPU.Build.0 = Debug|Any CPU
		{864F31B2-7348-4605-9CB9-61F9FEDB7DD2}.Release|Any CPU.ActiveCfg = Release|Any CPU
		{864F31B2-7348-4605-9CB9-61F9FEDB7DD2}.Release|Any CPU.Build.0 = Release|Any CPU
	EndGlobalSection
	GlobalSection(SolutionProperties) = preSolution
		HideSolutionNode = FALSE
	EndGlobalSection
	GlobalSection(ExtensibilityGlobals) = postSolution
		SolutionGuid = {4F20D2FD-C0BB-4586-928F-EE35D00FDBA4}
	EndGlobalSection
EndGlobal
